
Microsoft Visual Studio Solution File, Format Version 12.00
# Visual Studio Version 16
VisualStudioVersion = 16.0.31112.23
MinimumVisualStudioVersion = 10.0.40219.1
Project("{FAE04EC0-301F-11D3-BF4B-00C04F79EFBC}") = "POSSystem.UI", "POSSystem.UI\POSSystem.UI.csproj", "{900D9723-6F01-428F-954B-6991F6A0E6DC}"
EndProject
Project("{FAE04EC0-301F-11D3-BF4B-00C04F79EFBC}") = "POS.Model", "POS.Model\POS.Model.csproj", "{0FD68EFA-224D-4D24-9A96-CB9D57DBC027}"
EndProject
Project("{FAE04EC0-301F-11D3-BF4B-00C04F79EFBC}") = "POS.Data", "POS.Data\POS.Data.csproj", "{7FF4BD36-A846-4E3F-8078-1CC04A96B02C}"
EndProject
Project("{FAE04EC0-301F-11D3-BF4B-00C04F79EFBC}") = "POS.Utilities", "POS.Utilities\POS.Utilities.csproj", "{36E57BE4-520F-4DE1-B896-26F9C00E433D}"
EndProject
Project("{FAE04EC0-301F-11D3-BF4B-00C04F79EFBC}") = "POS.BusinessRule", "POS.BusinessRule\POS.BusinessRule.csproj", "{1AA88AB6-9138-4739-B72D-198555DA769D}"
EndProject
Project("{2150E333-8FDC-42A3-9474-1A3956D46DE8}") = "ThirdPartyUtility", "ThirdPartyUtility", "{C83C803A-CB53-4297-A41D-6D9F4E010762}"
EndProject
Project("{FAE04EC0-301F-11D3-BF4B-00C04F79EFBC}") = "MoonPdfLib", "ThirdPartyUtility\MoonPdfLib\MoonPdfLib.csproj", "{E5C5A57C-E464-4402-AD62-D6119EA92A8D}"
EndProject
Project("{FAE04EC0-301F-11D3-BF4B-00C04F79EFBC}") = "MouseKeyboardActivityMonitor", "ThirdPartyUtility\MouseKeyboardActivityMonitor\MouseKeyboardActivityMonitor.csproj", "{F52AA97E-180A-40ED-8F2B-09080171D6C7}"
EndProject
Project("{930C7802-8A8C-48F9-8165-68863BCCD9DD}") = "POSSystem.UI.Installer", "POSSystem.UI.Installer\POSSystem.UI.Installer.wixproj", "{0E8930E8-9C46-4BB3-B5AB-0A6B487C884B}"
EndProject
Project("{9A19103F-16F7-4668-BE54-9A1E7A4F7556}") = "POSSystem.WPF.UI", "POSSystem.WPF.UI\POSSystem.WPF.UI.csproj", "{63E58EE7-047D-48E1-97DD-F085C9250480}"
EndProject
Project("{9A19103F-16F7-4668-BE54-9A1E7A4F7556}") = "POS.Core", "POS.Core\POS.Core.csproj", "{2DF38EA9-8842-42CA-9E66-790E1AB2122C}"
EndProject
Project("{9A19103F-16F7-4668-BE54-9A1E7A4F7556}") = "POS.Core.Utilities", "POS.Core.Utilities\POS.Core.Utilities.csproj", "{AD5BA76B-66D9-4803-9362-49CC6DAEE2B2}"
EndProject
Project("{2150E333-8FDC-42A3-9474-1A3956D46DE8}") = "ThirdParty", "ThirdParty", "{F7207478-BC91-4AA3-AADC-E13111AC3C5E}"
EndProject
Project("{9A19103F-16F7-4668-BE54-9A1E7A4F7556}") = "MoonPdfLib.Core", "MoonPdfLib.Core\MoonPdfLib.Core.csproj", "{82CDEE2C-7389-464A-ABAF-80459E8B913B}"
EndProject
Project("{9A19103F-16F7-4668-BE54-9A1E7A4F7556}") = "MouseKeyboardActivitiyMonitor.Core", "MouseKeyboardActivitiyMonitor.Core\MouseKeyboardActivitiyMonitor.Core.csproj", "{A1478B58-83FD-4B9F-99CC-E10221A3FB31}"
EndProject
Project("{2150E333-8FDC-42A3-9474-1A3956D46DE8}") = "Core3.1Project", "Core3.1Project", "{C45D4BC9-0727-42C3-928F-837C80A950C8}"
EndProject
Project("{2150E333-8FDC-42A3-9474-1A3956D46DE8}") = "Net472", "Net472", "{35064F98-DC8B-4BA1-B227-844AB42E276A}"
EndProject
Project("{FAE04EC0-301F-11D3-BF4B-00C04F79EFBC}") = "POS.Core.Model", "POS.Core.Model\POS.Core.Model.csproj", "{C6EB3965-4144-46AC-A912-6163853BE4AD}"
EndProject
Global
	GlobalSection(SolutionConfigurationPlatforms) = preSolution
		Debug|Any CPU = Debug|Any CPU
		Debug|x64 = Debug|x64
		Debug|x86 = Debug|x86
		Release|Any CPU = Release|Any CPU
		Release|x64 = Release|x64
		Release|x86 = Release|x86
	EndGlobalSection
	GlobalSection(ProjectConfigurationPlatforms) = postSolution
		{900D9723-6F01-428F-954B-6991F6A0E6DC}.Debug|Any CPU.ActiveCfg = Debug|Any CPU
		{900D9723-6F01-428F-954B-6991F6A0E6DC}.Debug|Any CPU.Build.0 = Debug|Any CPU
		{900D9723-6F01-428F-954B-6991F6A0E6DC}.Debug|x64.ActiveCfg = Debug|x64
		{900D9723-6F01-428F-954B-6991F6A0E6DC}.Debug|x64.Build.0 = Debug|x64
		{900D9723-6F01-428F-954B-6991F6A0E6DC}.Debug|x86.ActiveCfg = Debug|x86
		{900D9723-6F01-428F-954B-6991F6A0E6DC}.Debug|x86.Build.0 = Debug|x86
		{900D9723-6F01-428F-954B-6991F6A0E6DC}.Release|Any CPU.ActiveCfg = Release|Any CPU
		{900D9723-6F01-428F-954B-6991F6A0E6DC}.Release|Any CPU.Build.0 = Release|Any CPU
		{900D9723-6F01-428F-954B-6991F6A0E6DC}.Release|x64.ActiveCfg = Release|x64
		{900D9723-6F01-428F-954B-6991F6A0E6DC}.Release|x64.Build.0 = Release|x64
		{900D9723-6F01-428F-954B-6991F6A0E6DC}.Release|x86.ActiveCfg = Release|x86
		{900D9723-6F01-428F-954B-6991F6A0E6DC}.Release|x86.Build.0 = Release|x86
		{0FD68EFA-224D-4D24-9A96-CB9D57DBC027}.Debug|Any CPU.ActiveCfg = Debug|Any CPU
		{0FD68EFA-224D-4D24-9A96-CB9D57DBC027}.Debug|Any CPU.Build.0 = Debug|Any CPU
		{0FD68EFA-224D-4D24-9A96-CB9D57DBC027}.Debug|x64.ActiveCfg = Debug|x64
		{0FD68EFA-224D-4D24-9A96-CB9D57DBC027}.Debug|x64.Build.0 = Debug|x64
		{0FD68EFA-224D-4D24-9A96-CB9D57DBC027}.Debug|x86.ActiveCfg = Debug|x86
		{0FD68EFA-224D-4D24-9A96-CB9D57DBC027}.Debug|x86.Build.0 = Debug|x86
		{0FD68EFA-224D-4D24-9A96-CB9D57DBC027}.Release|Any CPU.ActiveCfg = Release|Any CPU
		{0FD68EFA-224D-4D24-9A96-CB9D57DBC027}.Release|Any CPU.Build.0 = Release|Any CPU
		{0FD68EFA-224D-4D24-9A96-CB9D57DBC027}.Release|x64.ActiveCfg = Release|x64
		{0FD68EFA-224D-4D24-9A96-CB9D57DBC027}.Release|x64.Build.0 = Release|x64
		{0FD68EFA-224D-4D24-9A96-CB9D57DBC027}.Release|x86.ActiveCfg = Release|x86
		{0FD68EFA-224D-4D24-9A96-CB9D57DBC027}.Release|x86.Build.0 = Release|x86
		{7FF4BD36-A846-4E3F-8078-1CC04A96B02C}.Debug|Any CPU.ActiveCfg = Debug|Any CPU
		{7FF4BD36-A846-4E3F-8078-1CC04A96B02C}.Debug|Any CPU.Build.0 = Debug|Any CPU
		{7FF4BD36-A846-4E3F-8078-1CC04A96B02C}.Debug|x64.ActiveCfg = Debug|x64
		{7FF4BD36-A846-4E3F-8078-1CC04A96B02C}.Debug|x64.Build.0 = Debug|x64
		{7FF4BD36-A846-4E3F-8078-1CC04A96B02C}.Debug|x86.ActiveCfg = Debug|x86
		{7FF4BD36-A846-4E3F-8078-1CC04A96B02C}.Debug|x86.Build.0 = Debug|x86
		{7FF4BD36-A846-4E3F-8078-1CC04A96B02C}.Release|Any CPU.ActiveCfg = Release|Any CPU
		{7FF4BD36-A846-4E3F-8078-1CC04A96B02C}.Release|Any CPU.Build.0 = Release|Any CPU
		{7FF4BD36-A846-4E3F-8078-1CC04A96B02C}.Release|x64.ActiveCfg = Release|x64
		{7FF4BD36-A846-4E3F-8078-1CC04A96B02C}.Release|x64.Build.0 = Release|x64
		{7FF4BD36-A846-4E3F-8078-1CC04A96B02C}.Release|x86.ActiveCfg = Release|x86
		{7FF4BD36-A846-4E3F-8078-1CC04A96B02C}.Release|x86.Build.0 = Release|x86
		{36E57BE4-520F-4DE1-B896-26F9C00E433D}.Debug|Any CPU.ActiveCfg = Debug|Any CPU
		{36E57BE4-520F-4DE1-B896-26F9C00E433D}.Debug|Any CPU.Build.0 = Debug|Any CPU
		{36E57BE4-520F-4DE1-B896-26F9C00E433D}.Debug|x64.ActiveCfg = Debug|x64
		{36E57BE4-520F-4DE1-B896-26F9C00E433D}.Debug|x64.Build.0 = Debug|x64
		{36E57BE4-520F-4DE1-B896-26F9C00E433D}.Debug|x86.ActiveCfg = Debug|x86
		{36E57BE4-520F-4DE1-B896-26F9C00E433D}.Debug|x86.Build.0 = Debug|x86
		{36E57BE4-520F-4DE1-B896-26F9C00E433D}.Release|Any CPU.ActiveCfg = Release|Any CPU
		{36E57BE4-520F-4DE1-B896-26F9C00E433D}.Release|Any CPU.Build.0 = Release|Any CPU
		{36E57BE4-520F-4DE1-B896-26F9C00E433D}.Release|x64.ActiveCfg = Release|x64
		{36E57BE4-520F-4DE1-B896-26F9C00E433D}.Release|x64.Build.0 = Release|x64
		{36E57BE4-520F-4DE1-B896-26F9C00E433D}.Release|x86.ActiveCfg = Release|x86
		{36E57BE4-520F-4DE1-B896-26F9C00E433D}.Release|x86.Build.0 = Release|x86
		{1AA88AB6-9138-4739-B72D-198555DA769D}.Debug|Any CPU.ActiveCfg = Debug|Any CPU
		{1AA88AB6-9138-4739-B72D-198555DA769D}.Debug|Any CPU.Build.0 = Debug|Any CPU
		{1AA88AB6-9138-4739-B72D-198555DA769D}.Debug|x64.ActiveCfg = Debug|x64
		{1AA88AB6-9138-4739-B72D-198555DA769D}.Debug|x64.Build.0 = Debug|x64
		{1AA88AB6-9138-4739-B72D-198555DA769D}.Debug|x86.ActiveCfg = Debug|x86
		{1AA88AB6-9138-4739-B72D-198555DA769D}.Debug|x86.Build.0 = Debug|x86
		{1AA88AB6-9138-4739-B72D-198555DA769D}.Release|Any CPU.ActiveCfg = Release|Any CPU
		{1AA88AB6-9138-4739-B72D-198555DA769D}.Release|Any CPU.Build.0 = Release|Any CPU
		{1AA88AB6-9138-4739-B72D-198555DA769D}.Release|x64.ActiveCfg = Release|x64
		{1AA88AB6-9138-4739-B72D-198555DA769D}.Release|x64.Build.0 = Release|x64
		{1AA88AB6-9138-4739-B72D-198555DA769D}.Release|x86.ActiveCfg = Release|x86
		{1AA88AB6-9138-4739-B72D-198555DA769D}.Release|x86.Build.0 = Release|x86
		{E5C5A57C-E464-4402-AD62-D6119EA92A8D}.Debug|Any CPU.ActiveCfg = Debug|Any CPU
		{E5C5A57C-E464-4402-AD62-D6119EA92A8D}.Debug|Any CPU.Build.0 = Debug|Any CPU
		{E5C5A57C-E464-4402-AD62-D6119EA92A8D}.Debug|x64.ActiveCfg = Debug|x64
		{E5C5A57C-E464-4402-AD62-D6119EA92A8D}.Debug|x64.Build.0 = Debug|x64
		{E5C5A57C-E464-4402-AD62-D6119EA92A8D}.Debug|x86.ActiveCfg = Debug|x86
		{E5C5A57C-E464-4402-AD62-D6119EA92A8D}.Debug|x86.Build.0 = Debug|x86
		{E5C5A57C-E464-4402-AD62-D6119EA92A8D}.Release|Any CPU.ActiveCfg = Release|Any CPU
		{E5C5A57C-E464-4402-AD62-D6119EA92A8D}.Release|Any CPU.Build.0 = Release|Any CPU
		{E5C5A57C-E464-4402-AD62-D6119EA92A8D}.Release|x64.ActiveCfg = Release|x64
		{E5C5A57C-E464-4402-AD62-D6119EA92A8D}.Release|x64.Build.0 = Release|x64
		{E5C5A57C-E464-4402-AD62-D6119EA92A8D}.Release|x86.ActiveCfg = Release|x86
		{E5C5A57C-E464-4402-AD62-D6119EA92A8D}.Release|x86.Build.0 = Release|x86
		{F52AA97E-180A-40ED-8F2B-09080171D6C7}.Debug|Any CPU.ActiveCfg = Debug|Any CPU
		{F52AA97E-180A-40ED-8F2B-09080171D6C7}.Debug|Any CPU.Build.0 = Debug|Any CPU
		{F52AA97E-180A-40ED-8F2B-09080171D6C7}.Debug|x64.ActiveCfg = Debug|x64
		{F52AA97E-180A-40ED-8F2B-09080171D6C7}.Debug|x64.Build.0 = Debug|x64
		{F52AA97E-180A-40ED-8F2B-09080171D6C7}.Debug|x86.ActiveCfg = Debug|x86
		{F52AA97E-180A-40ED-8F2B-09080171D6C7}.Debug|x86.Build.0 = Debug|x86
		{F52AA97E-180A-40ED-8F2B-09080171D6C7}.Release|Any CPU.ActiveCfg = Release|Any CPU
		{F52AA97E-180A-40ED-8F2B-09080171D6C7}.Release|Any CPU.Build.0 = Release|Any CPU
		{F52AA97E-180A-40ED-8F2B-09080171D6C7}.Release|x64.ActiveCfg = Release|x64
		{F52AA97E-180A-40ED-8F2B-09080171D6C7}.Release|x64.Build.0 = Release|x64
		{F52AA97E-180A-40ED-8F2B-09080171D6C7}.Release|x86.ActiveCfg = Release|x86
		{F52AA97E-180A-40ED-8F2B-09080171D6C7}.Release|x86.Build.0 = Release|x86
		{0E8930E8-9C46-4BB3-B5AB-0A6B487C884B}.Debug|Any CPU.ActiveCfg = Debug|x86
		{0E8930E8-9C46-4BB3-B5AB-0A6B487C884B}.Debug|x64.ActiveCfg = Debug|x64
		{0E8930E8-9C46-4BB3-B5AB-0A6B487C884B}.Debug|x86.ActiveCfg = Debug|x86
		{0E8930E8-9C46-4BB3-B5AB-0A6B487C884B}.Debug|x86.Build.0 = Debug|x86
		{0E8930E8-9C46-4BB3-B5AB-0A6B487C884B}.Release|Any CPU.ActiveCfg = Release|x86
		{0E8930E8-9C46-4BB3-B5AB-0A6B487C884B}.Release|x64.ActiveCfg = Release|x64
		{0E8930E8-9C46-4BB3-B5AB-0A6B487C884B}.Release|x86.ActiveCfg = Release|x86
		{0E8930E8-9C46-4BB3-B5AB-0A6B487C884B}.Release|x86.Build.0 = Release|x86
		{63E58EE7-047D-48E1-97DD-F085C9250480}.Debug|Any CPU.ActiveCfg = Debug|Any CPU
		{63E58EE7-047D-48E1-97DD-F085C9250480}.Debug|Any CPU.Build.0 = Debug|Any CPU
		{63E58EE7-047D-48E1-97DD-F085C9250480}.Debug|x64.ActiveCfg = Debug|Any CPU
		{63E58EE7-047D-48E1-97DD-F085C9250480}.Debug|x64.Build.0 = Debug|Any CPU
		{63E58EE7-047D-48E1-97DD-F085C9250480}.Debug|x86.ActiveCfg = Debug|Any CPU
		{63E58EE7-047D-48E1-97DD-F085C9250480}.Debug|x86.Build.0 = Debug|Any CPU
		{63E58EE7-047D-48E1-97DD-F085C9250480}.Release|Any CPU.ActiveCfg = Release|Any CPU
		{63E58EE7-047D-48E1-97DD-F085C9250480}.Release|Any CPU.Build.0 = Release|Any CPU
		{63E58EE7-047D-48E1-97DD-F085C9250480}.Release|x64.ActiveCfg = Release|Any CPU
		{63E58EE7-047D-48E1-97DD-F085C9250480}.Release|x64.Build.0 = Release|Any CPU
		{63E58EE7-047D-48E1-97DD-F085C9250480}.Release|x86.ActiveCfg = Release|Any CPU
		{63E58EE7-047D-48E1-97DD-F085C9250480}.Release|x86.Build.0 = Release|Any CPU
		{2DF38EA9-8842-42CA-9E66-790E1AB2122C}.Debug|Any CPU.ActiveCfg = Debug|Any CPU
		{2DF38EA9-8842-42CA-9E66-790E1AB2122C}.Debug|Any CPU.Build.0 = Debug|Any CPU
		{2DF38EA9-8842-42CA-9E66-790E1AB2122C}.Debug|x64.ActiveCfg = Debug|Any CPU
		{2DF38EA9-8842-42CA-9E66-790E1AB2122C}.Debug|x64.Build.0 = Debug|Any CPU
		{2DF38EA9-8842-42CA-9E66-790E1AB2122C}.Debug|x86.ActiveCfg = Debug|Any CPU
		{2DF38EA9-8842-42CA-9E66-790E1AB2122C}.Debug|x86.Build.0 = Debug|Any CPU
		{2DF38EA9-8842-42CA-9E66-790E1AB2122C}.Release|Any CPU.ActiveCfg = Release|Any CPU
		{2DF38EA9-8842-42CA-9E66-790E1AB2122C}.Release|Any CPU.Build.0 = Release|Any CPU
		{2DF38EA9-8842-42CA-9E66-790E1AB2122C}.Release|x64.ActiveCfg = Release|Any CPU
		{2DF38EA9-8842-42CA-9E66-790E1AB2122C}.Release|x64.Build.0 = Release|Any CPU
		{2DF38EA9-8842-42CA-9E66-790E1AB2122C}.Release|x86.ActiveCfg = Release|Any CPU
		{2DF38EA9-8842-42CA-9E66-790E1AB2122C}.Release|x86.Build.0 = Release|Any CPU
		{AD5BA76B-66D9-4803-9362-49CC6DAEE2B2}.Debug|Any CPU.ActiveCfg = Debug|Any CPU
		{AD5BA76B-66D9-4803-9362-49CC6DAEE2B2}.Debug|Any CPU.Build.0 = Debug|Any CPU
		{AD5BA76B-66D9-4803-9362-49CC6DAEE2B2}.Debug|x64.ActiveCfg = Debug|Any CPU
		{AD5BA76B-66D9-4803-9362-49CC6DAEE2B2}.Debug|x64.Build.0 = Debug|Any CPU
		{AD5BA76B-66D9-4803-9362-49CC6DAEE2B2}.Debug|x86.ActiveCfg = Debug|Any CPU
		{AD5BA76B-66D9-4803-9362-49CC6DAEE2B2}.Debug|x86.Build.0 = Debug|Any CPU
		{AD5BA76B-66D9-4803-9362-49CC6DAEE2B2}.Release|Any CPU.ActiveCfg = Release|Any CPU
		{AD5BA76B-66D9-4803-9362-49CC6DAEE2B2}.Release|Any CPU.Build.0 = Release|Any CPU
		{AD5BA76B-66D9-4803-9362-49CC6DAEE2B2}.Release|x64.ActiveCfg = Release|Any CPU
		{AD5BA76B-66D9-4803-9362-49CC6DAEE2B2}.Release|x64.Build.0 = Release|Any CPU
		{AD5BA76B-66D9-4803-9362-49CC6DAEE2B2}.Release|x86.ActiveCfg = Release|Any CPU
		{AD5BA76B-66D9-4803-9362-49CC6DAEE2B2}.Release|x86.Build.0 = Release|Any CPU
		{82CDEE2C-7389-464A-ABAF-80459E8B913B}.Debug|Any CPU.ActiveCfg = Debug|Any CPU
		{82CDEE2C-7389-464A-ABAF-80459E8B913B}.Debug|Any CPU.Build.0 = Debug|Any CPU
		{82CDEE2C-7389-464A-ABAF-80459E8B913B}.Debug|x64.ActiveCfg = Debug|Any CPU
		{82CDEE2C-7389-464A-ABAF-80459E8B913B}.Debug|x64.Build.0 = Debug|Any CPU
		{82CDEE2C-7389-464A-ABAF-80459E8B913B}.Debug|x86.ActiveCfg = Debug|Any CPU
		{82CDEE2C-7389-464A-ABAF-80459E8B913B}.Debug|x86.Build.0 = Debug|Any CPU
		{82CDEE2C-7389-464A-ABAF-80459E8B913B}.Release|Any CPU.ActiveCfg = Release|Any CPU
		{82CDEE2C-7389-464A-ABAF-80459E8B913B}.Release|Any CPU.Build.0 = Release|Any CPU
		{82CDEE2C-7389-464A-ABAF-80459E8B913B}.Release|x64.ActiveCfg = Release|Any CPU
		{82CDEE2C-7389-464A-ABAF-80459E8B913B}.Release|x64.Build.0 = Release|Any CPU
		{82CDEE2C-7389-464A-ABAF-80459E8B913B}.Release|x86.ActiveCfg = Release|Any CPU
		{82CDEE2C-7389-464A-ABAF-80459E8B913B}.Release|x86.Build.0 = Release|Any CPU
		{A1478B58-83FD-4B9F-99CC-E10221A3FB31}.Debug|Any CPU.ActiveCfg = Debug|Any CPU
		{A1478B58-83FD-4B9F-99CC-E10221A3FB31}.Debug|Any CPU.Build.0 = Debug|Any CPU
		{A1478B58-83FD-4B9F-99CC-E10221A3FB31}.Debug|x64.ActiveCfg = Debug|Any CPU
		{A1478B58-83FD-4B9F-99CC-E10221A3FB31}.Debug|x64.Build.0 = Debug|Any CPU
		{A1478B58-83FD-4B9F-99CC-E10221A3FB31}.Debug|x86.ActiveCfg = Debug|Any CPU
		{A1478B58-83FD-4B9F-99CC-E10221A3FB31}.Debug|x86.Build.0 = Debug|Any CPU
		{A1478B58-83FD-4B9F-99CC-E10221A3FB31}.Release|Any CPU.ActiveCfg = Release|Any CPU
		{A1478B58-83FD-4B9F-99CC-E10221A3FB31}.Release|Any CPU.Build.0 = Release|Any CPU
		{A1478B58-83FD-4B9F-99CC-E10221A3FB31}.Release|x64.ActiveCfg = Release|Any CPU
		{A1478B58-83FD-4B9F-99CC-E10221A3FB31}.Release|x64.Build.0 = Release|Any CPU
		{A1478B58-83FD-4B9F-99CC-E10221A3FB31}.Release|x86.ActiveCfg = Release|Any CPU
		{A1478B58-83FD-4B9F-99CC-E10221A3FB31}.Release|x86.Build.0 = Release|Any CPU
		{C6EB3965-4144-46AC-A912-6163853BE4AD}.Debug|Any CPU.ActiveCfg = Debug|Any CPU
		{C6EB3965-4144-46AC-A912-6163853BE4AD}.Debug|Any CPU.Build.0 = Debug|Any CPU
		{C6EB3965-4144-46AC-A912-6163853BE4AD}.Debug|x64.ActiveCfg = Debug|Any CPU
		{C6EB3965-4144-46AC-A912-6163853BE4AD}.Debug|x64.Build.0 = Debug|Any CPU
		{C6EB3965-4144-46AC-A912-6163853BE4AD}.Debug|x86.ActiveCfg = Debug|Any CPU
		{C6EB3965-4144-46AC-A912-6163853BE4AD}.Debug|x86.Build.0 = Debug|Any CPU
		{C6EB3965-4144-46AC-A912-6163853BE4AD}.Release|Any CPU.ActiveCfg = Release|Any CPU
		{C6EB3965-4144-46AC-A912-6163853BE4AD}.Release|Any CPU.Build.0 = Release|Any CPU
		{C6EB3965-4144-46AC-A912-6163853BE4AD}.Release|x64.ActiveCfg = Release|Any CPU
		{C6EB3965-4144-46AC-A912-6163853BE4AD}.Release|x64.Build.0 = Release|Any CPU
		{C6EB3965-4144-46AC-A912-6163853BE4AD}.Release|x86.ActiveCfg = Release|Any CPU
		{C6EB3965-4144-46AC-A912-6163853BE4AD}.Release|x86.Build.0 = Release|Any CPU
	EndGlobalSection
	GlobalSection(SolutionProperties) = preSolution
		HideSolutionNode = FALSE
	EndGlobalSection
	GlobalSection(NestedProjects) = preSolution
		{900D9723-6F01-428F-954B-6991F6A0E6DC} = {35064F98-DC8B-4BA1-B227-844AB42E276A}
		{0FD68EFA-224D-4D24-9A96-CB9D57DBC027} = {35064F98-DC8B-4BA1-B227-844AB42E276A}
		{7FF4BD36-A846-4E3F-8078-1CC04A96B02C} = {35064F98-DC8B-4BA1-B227-844AB42E276A}
		{36E57BE4-520F-4DE1-B896-26F9C00E433D} = {35064F98-DC8B-4BA1-B227-844AB42E276A}
		{1AA88AB6-9138-4739-B72D-198555DA769D} = {35064F98-DC8B-4BA1-B227-844AB42E276A}
		{C83C803A-CB53-4297-A41D-6D9F4E010762} = {35064F98-DC8B-4BA1-B227-844AB42E276A}
		{E5C5A57C-E464-4402-AD62-D6119EA92A8D} = {C83C803A-CB53-4297-A41D-6D9F4E010762}
		{F52AA97E-180A-40ED-8F2B-09080171D6C7} = {C83C803A-CB53-4297-A41D-6D9F4E010762}
		{0E8930E8-9C46-4BB3-B5AB-0A6B487C884B} = {35064F98-DC8B-4BA1-B227-844AB42E276A}
		{63E58EE7-047D-48E1-97DD-F085C9250480} = {C45D4BC9-0727-42C3-928F-837C80A950C8}
		{2DF38EA9-8842-42CA-9E66-790E1AB2122C} = {C45D4BC9-0727-42C3-928F-837C80A950C8}
		{AD5BA76B-66D9-4803-9362-49CC6DAEE2B2} = {C45D4BC9-0727-42C3-928F-837C80A950C8}
		{F7207478-BC91-4AA3-AADC-E13111AC3C5E} = {C45D4BC9-0727-42C3-928F-837C80A950C8}
		{82CDEE2C-7389-464A-ABAF-80459E8B913B} = {F7207478-BC91-4AA3-AADC-E13111AC3C5E}
		{A1478B58-83FD-4B9F-99CC-E10221A3FB31} = {F7207478-BC91-4AA3-AADC-E13111AC3C5E}
		{C6EB3965-4144-46AC-A912-6163853BE4AD} = {C45D4BC9-0727-42C3-928F-837C80A950C8}
	EndGlobalSection
	GlobalSection(ExtensibilityGlobals) = postSolution
		SolutionGuid = {1A478937-8787-4E65-8D1E-A7D651A3DDA6}
	EndGlobalSection
EndGlobal
